
Microsoft Visual Studio Solution File, Format Version 12.00
# Visual Studio 2013
VisualStudioVersion = 12.0.31101.0
MinimumVisualStudioVersion = 10.0.40219.1
Project("{FAE04EC0-301F-11D3-BF4B-00C04F79EFBC}") = "Domain", "Domain\Domain.csproj", "{E88F8BC7-12F7-436D-A988-E7DA13F9DC58}"
EndProject
Project("{FAE04EC0-301F-11D3-BF4B-00C04F79EFBC}") = "Api", "Api\Api.csproj", "{74F55E07-3CE6-435F-9995-89B24CE73A18}"
EndProject
Project("{FAE04EC0-301F-11D3-BF4B-00C04F79EFBC}") = "Api.UnitTests", "Api.Tests\Api.UnitTests.csproj", "{C4ADD74E-AE57-45AF-8021-B4DF8BC99054}"
EndProject
Project("{FAE04EC0-301F-11D3-BF4B-00C04F79EFBC}") = "Domain.Persistence", "Domain.Persistence\Domain.Persistence.csproj", "{46C4AFB2-D1F6-4DF9-96D3-793EEDF0CF69}"
EndProject
Global
	GlobalSection(SolutionConfigurationPlatforms) = preSolution
		Debug|Any CPU = Debug|Any CPU
		Release|Any CPU = Release|Any CPU
	EndGlobalSection
	GlobalSection(ProjectConfigurationPlatforms) = postSolution
		{E88F8BC7-12F7-436D-A988-E7DA13F9DC58}.Debug|Any CPU.ActiveCfg = Debug|Any CPU
		{E88F8BC7-12F7-436D-A988-E7DA13F9DC58}.Debug|Any CPU.Build.0 = Debug|Any CPU
		{E88F8BC7-12F7-436D-A988-E7DA13F9DC58}.Release|Any CPU.ActiveCfg = Release|Any CPU
		{E88F8BC7-12F7-436D-A988-E7DA13F9DC58}.Release|Any CPU.Build.0 = Release|Any CPU
		{74F55E07-3CE6-435F-9995-89B24CE73A18}.Debug|Any CPU.ActiveCfg = Debug|Any CPU
		{74F55E07-3CE6-435F-9995-89B24CE73A18}.Debug|Any CPU.Build.0 = Debug|Any CPU
		{74F55E07-3CE6-435F-9995-89B24CE73A18}.Release|Any CPU.ActiveCfg = Release|Any CPU
		{74F55E07-3CE6-435F-9995-89B24CE73A18}.Release|Any CPU.Build.0 = Release|Any CPU
		{C4ADD74E-AE57-45AF-8021-B4DF8BC99054}.Debug|Any CPU.ActiveCfg = Debug|Any CPU
		{C4ADD74E-AE57-45AF-8021-B4DF8BC99054}.Debug|Any CPU.Build.0 = Debug|Any CPU
		{C4ADD74E-AE57-45AF-8021-B4DF8BC99054}.Release|Any CPU.ActiveCfg = Release|Any CPU
		{C4ADD74E-AE57-45AF-8021-B4DF8BC99054}.Release|Any CPU.Build.0 = Release|Any CPU
		{46C4AFB2-D1F6-4DF9-96D3-793EEDF0CF69}.Debug|Any CPU.ActiveCfg = Debug|Any CPU
		{46C4AFB2-D1F6-4DF9-96D3-793EEDF0CF69}.Debug|Any CPU.Build.0 = Debug|Any CPU
		{46C4AFB2-D1F6-4DF9-96D3-793EEDF0CF69}.Release|Any CPU.ActiveCfg = Release|Any CPU
		{46C4AFB2-D1F6-4DF9-96D3-793EEDF0CF69}.Release|Any CPU.Build.0 = Release|Any CPU
	EndGlobalSection
	GlobalSection(SolutionProperties) = preSolution
		HideSolutionNode = FALSE
	EndGlobalSection
EndGlobal
